// !$*UTF8*$!
{
	archiveVersion = 1;
	classes = {
	};
	objectVersion = 56;
	objects = {

/* Begin PBXBuildFile section */
		57677B452ACDFA4E00A1DFFA /* CategoryNameCell.swift in Sources */ = {isa = PBXBuildFile; fileRef = 57677B432ACDFA4E00A1DFFA /* CategoryNameCell.swift */; };
		57677B462ACDFA4E00A1DFFA /* CategoriesCell.swift in Sources */ = {isa = PBXBuildFile; fileRef = 57677B442ACDFA4E00A1DFFA /* CategoriesCell.swift */; };
		57677B492ACDFA6200A1DFFA /* CategoriesNames.swift in Sources */ = {isa = PBXBuildFile; fileRef = 57677B472ACDFA6200A1DFFA /* CategoriesNames.swift */; };
		57677B4A2ACDFA6200A1DFFA /* TrendingCollectionView.swift in Sources */ = {isa = PBXBuildFile; fileRef = 57677B482ACDFA6200A1DFFA /* TrendingCollectionView.swift */; };
		57677B4C2ACE01D700A1DFFA /* CategoryItemCell.swift in Sources */ = {isa = PBXBuildFile; fileRef = 57677B4B2ACE01D700A1DFFA /* CategoryItemCell.swift */; };
		57677B4D2ACF477100A1DFFA /* View.swift in Sources */ = {isa = PBXBuildFile; fileRef = E7B4C16D2ACB467B00B27053 /* View.swift */; };
		5769D0BE2AC76F8400D93A56 /* Podcast.swift in Sources */ = {isa = PBXBuildFile; fileRef = 5769D0BB2AC76F8400D93A56 /* Podcast.swift */; };
		5769D0BF2AC76F8400D93A56 /* Episode.swift in Sources */ = {isa = PBXBuildFile; fileRef = 5769D0BC2AC76F8400D93A56 /* Episode.swift */; };
		5769D0C02AC76F8400D93A56 /* NetworkManager.swift in Sources */ = {isa = PBXBuildFile; fileRef = 5769D0BD2AC76F8400D93A56 /* NetworkManager.swift */; };
		5769D0C22AC76FA000D93A56 /* PodcastItem.swift in Sources */ = {isa = PBXBuildFile; fileRef = 5769D0C12AC76FA000D93A56 /* PodcastItem.swift */; };
		5769D0C92AC76FA700D93A56 /* PodcastCell.swift in Sources */ = {isa = PBXBuildFile; fileRef = 5769D0C52AC76FA700D93A56 /* PodcastCell.swift */; };
		5769D0CB2AC76FA700D93A56 /* PopularCollectionView.swift in Sources */ = {isa = PBXBuildFile; fileRef = 5769D0C72AC76FA700D93A56 /* PopularCollectionView.swift */; };
		5769D0CE2AC76FC700D93A56 /* ImageCollectionViewCell.swift in Sources */ = {isa = PBXBuildFile; fileRef = 5769D0CC2AC76FC700D93A56 /* ImageCollectionViewCell.swift */; };
		5769D0CF2AC76FC700D93A56 /* PodcastView.swift in Sources */ = {isa = PBXBuildFile; fileRef = 5769D0CD2AC76FC700D93A56 /* PodcastView.swift */; };
		5769D0D12AC76FCD00D93A56 /* GalleryView.swift in Sources */ = {isa = PBXBuildFile; fileRef = 5769D0D02AC76FCD00D93A56 /* GalleryView.swift */; };
		5769D0D52AC876BC00D93A56 /* MusicPlayer.swift in Sources */ = {isa = PBXBuildFile; fileRef = 5769D0D42AC876BC00D93A56 /* MusicPlayer.swift */; };
		5769D0D72AC972B500D93A56 /* MiniPlayerVC.swift in Sources */ = {isa = PBXBuildFile; fileRef = 5769D0D62AC972B500D93A56 /* MiniPlayerVC.swift */; };
		5769D0D92AC972E700D93A56 /* PodcastsSingltone.swift in Sources */ = {isa = PBXBuildFile; fileRef = 5769D0D82AC972E700D93A56 /* PodcastsSingltone.swift */; };
		5769D0DB2AC9C8FB00D93A56 /* SongViewControllerProtocol.swift in Sources */ = {isa = PBXBuildFile; fileRef = 5769D0DA2AC9C8FB00D93A56 /* SongViewControllerProtocol.swift */; };
		5769D0DD2AC9CAEC00D93A56 /* HomeViewController.swift in Sources */ = {isa = PBXBuildFile; fileRef = 5769D0DC2AC9CAEC00D93A56 /* HomeViewController.swift */; };
		5769D0DF2AC9DBB600D93A56 /* EpisodeItemCell.swift in Sources */ = {isa = PBXBuildFile; fileRef = 5769D0DE2AC9DBB600D93A56 /* EpisodeItemCell.swift */; };
		5769D0E22ACADD4D00D93A56 /* DataModel.xcdatamodeld in Sources */ = {isa = PBXBuildFile; fileRef = 5769D0E02ACADD4D00D93A56 /* DataModel.xcdatamodeld */; };
		5769D0E42ACAE49700D93A56 /* SaveToCoreData.swift in Sources */ = {isa = PBXBuildFile; fileRef = 5769D0E32ACAE49700D93A56 /* SaveToCoreData.swift */; };
		5769D0E52ACAFFAA00D93A56 /* Label.swift in Sources */ = {isa = PBXBuildFile; fileRef = 57B391CB2AC0CBBE00BD7E82 /* Label.swift */; };
		5769D0E62ACAFFBD00D93A56 /* Fonts.swift in Sources */ = {isa = PBXBuildFile; fileRef = 57B391C62AC0CA9F00BD7E82 /* Fonts.swift */; };
		5769D0E72ACAFFC000D93A56 /* CustomColors.swift in Sources */ = {isa = PBXBuildFile; fileRef = 57B391CD2AC0CE3E00BD7E82 /* CustomColors.swift */; };
		5769D0E82ACB01AC00D93A56 /* ProfileSettingsViewController.swift in Sources */ = {isa = PBXBuildFile; fileRef = 57B391B72ABED9E900BD7E82 /* ProfileSettingsViewController.swift */; };
		57724E902ABDAB52006C3318 /* AppDelegate.swift in Sources */ = {isa = PBXBuildFile; fileRef = 57724E8F2ABDAB52006C3318 /* AppDelegate.swift */; };
		57724E922ABDAB52006C3318 /* SceneDelegate.swift in Sources */ = {isa = PBXBuildFile; fileRef = 57724E912ABDAB52006C3318 /* SceneDelegate.swift */; };
		57724E992ABDAB54006C3318 /* Assets.xcassets in Resources */ = {isa = PBXBuildFile; fileRef = 57724E982ABDAB54006C3318 /* Assets.xcassets */; };
		57724E9C2ABDAB54006C3318 /* LaunchScreen.storyboard in Resources */ = {isa = PBXBuildFile; fileRef = 57724E9A2ABDAB54006C3318 /* LaunchScreen.storyboard */; };
		57B391A02ABED51F00BD7E82 /* FirebaseAnalytics in Frameworks */ = {isa = PBXBuildFile; productRef = 57B3919F2ABED51F00BD7E82 /* FirebaseAnalytics */; };
		57B391A22ABED51F00BD7E82 /* FirebaseAuth in Frameworks */ = {isa = PBXBuildFile; productRef = 57B391A12ABED51F00BD7E82 /* FirebaseAuth */; };
		57B391A42ABED51F00BD7E82 /* FirebaseFirestore in Frameworks */ = {isa = PBXBuildFile; productRef = 57B391A32ABED51F00BD7E82 /* FirebaseFirestore */; };
		57B391A72ABED54300BD7E82 /* Kingfisher in Frameworks */ = {isa = PBXBuildFile; productRef = 57B391A62ABED54300BD7E82 /* Kingfisher */; };
		57B391B02ABED87C00BD7E82 /* CustomTabBar.swift in Sources */ = {isa = PBXBuildFile; fileRef = 57B391AF2ABED87C00BD7E82 /* CustomTabBar.swift */; };
		57B391B42ABED98100BD7E82 /* SearchViewController.swift in Sources */ = {isa = PBXBuildFile; fileRef = 57B391B32ABED98100BD7E82 /* SearchViewController.swift */; };
		57B391B62ABED9B700BD7E82 /* FavoritesViewController.swift in Sources */ = {isa = PBXBuildFile; fileRef = 57B391B52ABED9B700BD7E82 /* FavoritesViewController.swift */; };
		57B391BC2AC0C92C00BD7E82 /* PlusJakartaSans-Medium.ttf in Resources */ = {isa = PBXBuildFile; fileRef = 57B391B92AC0C92C00BD7E82 /* PlusJakartaSans-Medium.ttf */; };
		57B391BD2AC0C92C00BD7E82 /* PlusJakartaSans-SemiBold.ttf in Resources */ = {isa = PBXBuildFile; fileRef = 57B391BA2AC0C92C00BD7E82 /* PlusJakartaSans-SemiBold.ttf */; };
		57B391BE2AC0C92C00BD7E82 /* PlusJakartaSans-Bold.ttf in Resources */ = {isa = PBXBuildFile; fileRef = 57B391BB2AC0C92C00BD7E82 /* PlusJakartaSans-Bold.ttf */; };
		57B391C22AC0C95000BD7E82 /* Manrope-Bold.ttf in Resources */ = {isa = PBXBuildFile; fileRef = 57B391C02AC0C95000BD7E82 /* Manrope-Bold.ttf */; };
		57B391C32AC0C95000BD7E82 /* Manrope-Regular.ttf in Resources */ = {isa = PBXBuildFile; fileRef = 57B391C12AC0C95000BD7E82 /* Manrope-Regular.ttf */; };
		57B391C82AC0CAD800BD7E82 /* SF-Pro-Display-Regular.otf in Resources */ = {isa = PBXBuildFile; fileRef = 57B391C52AC0CA6C00BD7E82 /* SF-Pro-Display-Regular.otf */; };
		57B391C92AC0CAD800BD7E82 /* SF-Pro-Display-Semibold.otf in Resources */ = {isa = PBXBuildFile; fileRef = 57B391C42AC0CA5D00BD7E82 /* SF-Pro-Display-Semibold.otf */; };
		57B391D92AC1694300BD7E82 /* CreateAccountViewController.swift in Sources */ = {isa = PBXBuildFile; fileRef = 57B391D82AC1694300BD7E82 /* CreateAccountViewController.swift */; };
		57B391DB2AC1695700BD7E82 /* CreateAccountDetailViewController.swift in Sources */ = {isa = PBXBuildFile; fileRef = 57B391DA2AC1695700BD7E82 /* CreateAccountDetailViewController.swift */; };
		57B391DD2AC1696C00BD7E82 /* LoginViewController.swift in Sources */ = {isa = PBXBuildFile; fileRef = 57B391DC2AC1696C00BD7E82 /* LoginViewController.swift */; };
		57B391E22AC16A5600BD7E82 /* PagesViewController.swift in Sources */ = {isa = PBXBuildFile; fileRef = 57B391E12AC16A5600BD7E82 /* PagesViewController.swift */; };
		57B391EA2AC16A9100BD7E82 /* ChannelViewController.swift in Sources */ = {isa = PBXBuildFile; fileRef = 57B391E92AC16A9100BD7E82 /* ChannelViewController.swift */; };
		57B391EF2AC16AC600BD7E82 /* NowPlayingViewController.swift in Sources */ = {isa = PBXBuildFile; fileRef = 57B391EE2AC16AC600BD7E82 /* NowPlayingViewController.swift */; };
		57B391F92AC16B4000BD7E82 /* SearchResultsViewController.swift in Sources */ = {isa = PBXBuildFile; fileRef = 57B391F82AC16B4000BD7E82 /* SearchResultsViewController.swift */; };
		57B392012AC16C0000BD7E82 /* AccountSettingsViewController.swift in Sources */ = {isa = PBXBuildFile; fileRef = 57B392002AC16C0000BD7E82 /* AccountSettingsViewController.swift */; };
		57B3920B2AC16D2800BD7E82 /* RealmSwift in Frameworks */ = {isa = PBXBuildFile; productRef = 57B3920A2AC16D2800BD7E82 /* RealmSwift */; };
		A0594ED32AC57F320013AC4B /* ChannelModel.swift in Sources */ = {isa = PBXBuildFile; fileRef = A0594ED22AC57F320013AC4B /* ChannelModel.swift */; };
		A0594ED52AC583830013AC4B /* FavouriteChannelCell.swift in Sources */ = {isa = PBXBuildFile; fileRef = A0594ED42AC583830013AC4B /* FavouriteChannelCell.swift */; };
		A0B5C3AB2AC5A41C00EBB704 /* EpisodeModel.swift in Sources */ = {isa = PBXBuildFile; fileRef = A0B5C3AA2AC5A41C00EBB704 /* EpisodeModel.swift */; };
		A0B5C3AD2AC5AE5600EBB704 /* EpisodeCell.swift in Sources */ = {isa = PBXBuildFile; fileRef = A0B5C3AC2AC5AE5600EBB704 /* EpisodeCell.swift */; };
		A0B5C3B72AD00DF800EBB704 /* TopInfoView.swift in Sources */ = {isa = PBXBuildFile; fileRef = A0B5C3B62AD00DF800EBB704 /* TopInfoView.swift */; };
		E56199802AC6EE7300EC542D /* AccountImageView.swift in Sources */ = {isa = PBXBuildFile; fileRef = E561997F2AC6EE7300EC542D /* AccountImageView.swift */; };
		E56199822AC9790300EC542D /* AccountGenderButton.swift in Sources */ = {isa = PBXBuildFile; fileRef = E56199812AC9790300EC542D /* AccountGenderButton.swift */; };
		E56199842AC97F5C00EC542D /* AccountGenderSelectorView.swift in Sources */ = {isa = PBXBuildFile; fileRef = E56199832AC97F5C00EC542D /* AccountGenderSelectorView.swift */; };
		E57CF00A2AC43B7A001600A8 /* ProfileSettingsViewCell.swift in Sources */ = {isa = PBXBuildFile; fileRef = E57CF0092AC43B7A001600A8 /* ProfileSettingsViewCell.swift */; };
		E57CF00D2AC59B31001600A8 /* AccountSettingsView.swift in Sources */ = {isa = PBXBuildFile; fileRef = E57CF00C2AC59B31001600A8 /* AccountSettingsView.swift */; };
		E57CF00F2AC59C92001600A8 /* TextField.swift in Sources */ = {isa = PBXBuildFile; fileRef = E57CF00E2AC59C92001600A8 /* TextField.swift */; };
		E75FA2E52AC1BE1A005C947C /* CustomSearchBar.swift in Sources */ = {isa = PBXBuildFile; fileRef = E75FA2E42AC1BE1A005C947C /* CustomSearchBar.swift */; };
		E75FA2E72AC1FBC3005C947C /* TopGenresView.swift in Sources */ = {isa = PBXBuildFile; fileRef = E75FA2E62AC1FBC3005C947C /* TopGenresView.swift */; };
		E75FA2E92AC1FCA6005C947C /* GenreCell.swift in Sources */ = {isa = PBXBuildFile; fileRef = E75FA2E82AC1FCA6005C947C /* GenreCell.swift */; };
		E75FA2ED2AC2D45A005C947C /* BrowseAllView.swift in Sources */ = {isa = PBXBuildFile; fileRef = E75FA2EC2AC2D45A005C947C /* BrowseAllView.swift */; };
		E75FA2EF2AC48BFF005C947C /* SearchResultView.swift in Sources */ = {isa = PBXBuildFile; fileRef = E75FA2EE2AC48BFF005C947C /* SearchResultView.swift */; };
		E7B4C1702ACB48CB00B27053 /* CategoryList.swift in Sources */ = {isa = PBXBuildFile; fileRef = E7B4C16F2ACB48CB00B27053 /* CategoryList.swift */; };
		E7B4C1722ACC053E00B27053 /* AllPodcatsView.swift in Sources */ = {isa = PBXBuildFile; fileRef = E7B4C1712ACC053E00B27053 /* AllPodcatsView.swift */; };
		E7B4C1742ACDB80F00B27053 /* SearchCell.swift in Sources */ = {isa = PBXBuildFile; fileRef = E7B4C1732ACDB80F00B27053 /* SearchCell.swift */; };
		F4B839E42AC5A9A10044E921 /* OnboardingViewController.swift in Sources */ = {isa = PBXBuildFile; fileRef = F4B839E32AC5A9A10044E921 /* OnboardingViewController.swift */; };
		F4B839E62ACC50410044E921 /* CreateAccountView.swift in Sources */ = {isa = PBXBuildFile; fileRef = F4B839E52ACC50410044E921 /* CreateAccountView.swift */; };
		F4CC1EB42ACCC1CA00370E6B /* GoogleSignIn in Frameworks */ = {isa = PBXBuildFile; productRef = F4CC1EB32ACCC1CA00370E6B /* GoogleSignIn */; };
		F4CC1EB62ACCC1CA00370E6B /* GoogleSignInSwift in Frameworks */ = {isa = PBXBuildFile; productRef = F4CC1EB52ACCC1CA00370E6B /* GoogleSignInSwift */; };
		F4CC1EBA2ACCDBC400370E6B /* GoogleService-Info.plist in Resources */ = {isa = PBXBuildFile; fileRef = F4CC1EB92ACCDBC400370E6B /* GoogleService-Info.plist */; };
		F4CC1EBC2ACCE14E00370E6B /* client_1056669238379-jdnkp5qvfjrfuub0sai0ba8a5uv4bi6i.apps.googleusercontent.com.plist in Resources */ = {isa = PBXBuildFile; fileRef = F4CC1EBB2ACCE14E00370E6B /* client_1056669238379-jdnkp5qvfjrfuub0sai0ba8a5uv4bi6i.apps.googleusercontent.com.plist */; };
		F4DBA60B2AC2F028007AF64F /* LoginView.swift in Sources */ = {isa = PBXBuildFile; fileRef = F4DBA60A2AC2F028007AF64F /* LoginView.swift */; };
		F4DBA60D2AC30919007AF64F /* TextfieldExtension.swift in Sources */ = {isa = PBXBuildFile; fileRef = F4DBA60C2AC30919007AF64F /* TextfieldExtension.swift */; };
		F4DBA60F2AC445A8007AF64F /* CreateAccountDetailView.swift in Sources */ = {isa = PBXBuildFile; fileRef = F4DBA60E2AC445A8007AF64F /* CreateAccountDetailView.swift */; };
/* End PBXBuildFile section */

/* Begin PBXFileReference section */
		57677B432ACDFA4E00A1DFFA /* CategoryNameCell.swift */ = {isa = PBXFileReference; fileEncoding = 4; lastKnownFileType = sourcecode.swift; path = CategoryNameCell.swift; sourceTree = "<group>"; };
		57677B442ACDFA4E00A1DFFA /* CategoriesCell.swift */ = {isa = PBXFileReference; fileEncoding = 4; lastKnownFileType = sourcecode.swift; path = CategoriesCell.swift; sourceTree = "<group>"; };
		57677B472ACDFA6200A1DFFA /* CategoriesNames.swift */ = {isa = PBXFileReference; fileEncoding = 4; lastKnownFileType = sourcecode.swift; path = CategoriesNames.swift; sourceTree = "<group>"; };
		57677B482ACDFA6200A1DFFA /* TrendingCollectionView.swift */ = {isa = PBXFileReference; fileEncoding = 4; lastKnownFileType = sourcecode.swift; path = TrendingCollectionView.swift; sourceTree = "<group>"; };
		57677B4B2ACE01D700A1DFFA /* CategoryItemCell.swift */ = {isa = PBXFileReference; lastKnownFileType = sourcecode.swift; path = CategoryItemCell.swift; sourceTree = "<group>"; };
		5769D0BB2AC76F8400D93A56 /* Podcast.swift */ = {isa = PBXFileReference; fileEncoding = 4; lastKnownFileType = sourcecode.swift; path = Podcast.swift; sourceTree = "<group>"; };
		5769D0BC2AC76F8400D93A56 /* Episode.swift */ = {isa = PBXFileReference; fileEncoding = 4; lastKnownFileType = sourcecode.swift; path = Episode.swift; sourceTree = "<group>"; };
		5769D0BD2AC76F8400D93A56 /* NetworkManager.swift */ = {isa = PBXFileReference; fileEncoding = 4; lastKnownFileType = sourcecode.swift; path = NetworkManager.swift; sourceTree = "<group>"; };
		5769D0C12AC76FA000D93A56 /* PodcastItem.swift */ = {isa = PBXFileReference; fileEncoding = 4; lastKnownFileType = sourcecode.swift; path = PodcastItem.swift; sourceTree = "<group>"; };
		5769D0C52AC76FA700D93A56 /* PodcastCell.swift */ = {isa = PBXFileReference; fileEncoding = 4; lastKnownFileType = sourcecode.swift; path = PodcastCell.swift; sourceTree = "<group>"; };
		5769D0C72AC76FA700D93A56 /* PopularCollectionView.swift */ = {isa = PBXFileReference; fileEncoding = 4; lastKnownFileType = sourcecode.swift; path = PopularCollectionView.swift; sourceTree = "<group>"; };
		5769D0CC2AC76FC700D93A56 /* ImageCollectionViewCell.swift */ = {isa = PBXFileReference; fileEncoding = 4; lastKnownFileType = sourcecode.swift; path = ImageCollectionViewCell.swift; sourceTree = "<group>"; };
		5769D0CD2AC76FC700D93A56 /* PodcastView.swift */ = {isa = PBXFileReference; fileEncoding = 4; lastKnownFileType = sourcecode.swift; path = PodcastView.swift; sourceTree = "<group>"; };
		5769D0D02AC76FCD00D93A56 /* GalleryView.swift */ = {isa = PBXFileReference; fileEncoding = 4; lastKnownFileType = sourcecode.swift; path = GalleryView.swift; sourceTree = "<group>"; };
		5769D0D42AC876BC00D93A56 /* MusicPlayer.swift */ = {isa = PBXFileReference; lastKnownFileType = sourcecode.swift; path = MusicPlayer.swift; sourceTree = "<group>"; };
		5769D0D62AC972B500D93A56 /* MiniPlayerVC.swift */ = {isa = PBXFileReference; lastKnownFileType = sourcecode.swift; path = MiniPlayerVC.swift; sourceTree = "<group>"; };
		5769D0D82AC972E700D93A56 /* PodcastsSingltone.swift */ = {isa = PBXFileReference; lastKnownFileType = sourcecode.swift; path = PodcastsSingltone.swift; sourceTree = "<group>"; };
		5769D0DA2AC9C8FB00D93A56 /* SongViewControllerProtocol.swift */ = {isa = PBXFileReference; lastKnownFileType = sourcecode.swift; path = SongViewControllerProtocol.swift; sourceTree = "<group>"; };
		5769D0DC2AC9CAEC00D93A56 /* HomeViewController.swift */ = {isa = PBXFileReference; lastKnownFileType = sourcecode.swift; path = HomeViewController.swift; sourceTree = "<group>"; };
		5769D0DE2AC9DBB600D93A56 /* EpisodeItemCell.swift */ = {isa = PBXFileReference; lastKnownFileType = sourcecode.swift; path = EpisodeItemCell.swift; sourceTree = "<group>"; };
		5769D0E12ACADD4D00D93A56 /* DataModel.xcdatamodel */ = {isa = PBXFileReference; lastKnownFileType = wrapper.xcdatamodel; path = DataModel.xcdatamodel; sourceTree = "<group>"; };
		5769D0E32ACAE49700D93A56 /* SaveToCoreData.swift */ = {isa = PBXFileReference; lastKnownFileType = sourcecode.swift; path = SaveToCoreData.swift; sourceTree = "<group>"; };
		57724E8C2ABDAB52006C3318 /* PodcastApp.app */ = {isa = PBXFileReference; explicitFileType = wrapper.application; includeInIndex = 0; path = PodcastApp.app; sourceTree = BUILT_PRODUCTS_DIR; };
		57724E8F2ABDAB52006C3318 /* AppDelegate.swift */ = {isa = PBXFileReference; lastKnownFileType = sourcecode.swift; path = AppDelegate.swift; sourceTree = "<group>"; };
		57724E912ABDAB52006C3318 /* SceneDelegate.swift */ = {isa = PBXFileReference; lastKnownFileType = sourcecode.swift; path = SceneDelegate.swift; sourceTree = "<group>"; };
		57724E982ABDAB54006C3318 /* Assets.xcassets */ = {isa = PBXFileReference; lastKnownFileType = folder.assetcatalog; path = Assets.xcassets; sourceTree = "<group>"; };
		57724E9B2ABDAB54006C3318 /* Base */ = {isa = PBXFileReference; lastKnownFileType = file.storyboard; name = Base; path = Base.lproj/LaunchScreen.storyboard; sourceTree = "<group>"; };
		57724E9D2ABDAB54006C3318 /* Info.plist */ = {isa = PBXFileReference; lastKnownFileType = text.plist.xml; path = Info.plist; sourceTree = "<group>"; };
		57B391AF2ABED87C00BD7E82 /* CustomTabBar.swift */ = {isa = PBXFileReference; lastKnownFileType = sourcecode.swift; path = CustomTabBar.swift; sourceTree = "<group>"; };
		57B391B32ABED98100BD7E82 /* SearchViewController.swift */ = {isa = PBXFileReference; lastKnownFileType = sourcecode.swift; path = SearchViewController.swift; sourceTree = "<group>"; };
		57B391B52ABED9B700BD7E82 /* FavoritesViewController.swift */ = {isa = PBXFileReference; lastKnownFileType = sourcecode.swift; path = FavoritesViewController.swift; sourceTree = "<group>"; };
		57B391B72ABED9E900BD7E82 /* ProfileSettingsViewController.swift */ = {isa = PBXFileReference; lastKnownFileType = sourcecode.swift; path = ProfileSettingsViewController.swift; sourceTree = "<group>"; };
		57B391B92AC0C92C00BD7E82 /* PlusJakartaSans-Medium.ttf */ = {isa = PBXFileReference; lastKnownFileType = file; path = "PlusJakartaSans-Medium.ttf"; sourceTree = "<group>"; };
		57B391BA2AC0C92C00BD7E82 /* PlusJakartaSans-SemiBold.ttf */ = {isa = PBXFileReference; lastKnownFileType = file; path = "PlusJakartaSans-SemiBold.ttf"; sourceTree = "<group>"; };
		57B391BB2AC0C92C00BD7E82 /* PlusJakartaSans-Bold.ttf */ = {isa = PBXFileReference; lastKnownFileType = file; path = "PlusJakartaSans-Bold.ttf"; sourceTree = "<group>"; };
		57B391C02AC0C95000BD7E82 /* Manrope-Bold.ttf */ = {isa = PBXFileReference; lastKnownFileType = file; path = "Manrope-Bold.ttf"; sourceTree = "<group>"; };
		57B391C12AC0C95000BD7E82 /* Manrope-Regular.ttf */ = {isa = PBXFileReference; lastKnownFileType = file; path = "Manrope-Regular.ttf"; sourceTree = "<group>"; };
		57B391C42AC0CA5D00BD7E82 /* SF-Pro-Display-Semibold.otf */ = {isa = PBXFileReference; lastKnownFileType = file; path = "SF-Pro-Display-Semibold.otf"; sourceTree = "<group>"; };
		57B391C52AC0CA6C00BD7E82 /* SF-Pro-Display-Regular.otf */ = {isa = PBXFileReference; lastKnownFileType = file; path = "SF-Pro-Display-Regular.otf"; sourceTree = "<group>"; };
		57B391C62AC0CA9F00BD7E82 /* Fonts.swift */ = {isa = PBXFileReference; lastKnownFileType = sourcecode.swift; path = Fonts.swift; sourceTree = "<group>"; };
		57B391CB2AC0CBBE00BD7E82 /* Label.swift */ = {isa = PBXFileReference; lastKnownFileType = sourcecode.swift; path = Label.swift; sourceTree = "<group>"; };
		57B391CD2AC0CE3E00BD7E82 /* CustomColors.swift */ = {isa = PBXFileReference; lastKnownFileType = sourcecode.swift; path = CustomColors.swift; sourceTree = "<group>"; };
		57B391D82AC1694300BD7E82 /* CreateAccountViewController.swift */ = {isa = PBXFileReference; lastKnownFileType = sourcecode.swift; path = CreateAccountViewController.swift; sourceTree = "<group>"; };
		57B391DA2AC1695700BD7E82 /* CreateAccountDetailViewController.swift */ = {isa = PBXFileReference; lastKnownFileType = sourcecode.swift; path = CreateAccountDetailViewController.swift; sourceTree = "<group>"; };
		57B391DC2AC1696C00BD7E82 /* LoginViewController.swift */ = {isa = PBXFileReference; lastKnownFileType = sourcecode.swift; path = LoginViewController.swift; sourceTree = "<group>"; };
		57B391E12AC16A5600BD7E82 /* PagesViewController.swift */ = {isa = PBXFileReference; lastKnownFileType = sourcecode.swift; path = PagesViewController.swift; sourceTree = "<group>"; };
		57B391E92AC16A9100BD7E82 /* ChannelViewController.swift */ = {isa = PBXFileReference; lastKnownFileType = sourcecode.swift; path = ChannelViewController.swift; sourceTree = "<group>"; };
		57B391EE2AC16AC600BD7E82 /* NowPlayingViewController.swift */ = {isa = PBXFileReference; lastKnownFileType = sourcecode.swift; path = NowPlayingViewController.swift; sourceTree = "<group>"; };
		57B391F82AC16B4000BD7E82 /* SearchResultsViewController.swift */ = {isa = PBXFileReference; lastKnownFileType = sourcecode.swift; path = SearchResultsViewController.swift; sourceTree = "<group>"; };
		57B392002AC16C0000BD7E82 /* AccountSettingsViewController.swift */ = {isa = PBXFileReference; lastKnownFileType = sourcecode.swift; path = AccountSettingsViewController.swift; sourceTree = "<group>"; };
		A0594ED22AC57F320013AC4B /* ChannelModel.swift */ = {isa = PBXFileReference; lastKnownFileType = sourcecode.swift; path = ChannelModel.swift; sourceTree = "<group>"; };
		A0594ED42AC583830013AC4B /* FavouriteChannelCell.swift */ = {isa = PBXFileReference; lastKnownFileType = sourcecode.swift; path = FavouriteChannelCell.swift; sourceTree = "<group>"; };
		A0B5C3AA2AC5A41C00EBB704 /* EpisodeModel.swift */ = {isa = PBXFileReference; lastKnownFileType = sourcecode.swift; path = EpisodeModel.swift; sourceTree = "<group>"; };
		A0B5C3AC2AC5AE5600EBB704 /* EpisodeCell.swift */ = {isa = PBXFileReference; lastKnownFileType = sourcecode.swift; path = EpisodeCell.swift; sourceTree = "<group>"; };
		A0B5C3B62AD00DF800EBB704 /* TopInfoView.swift */ = {isa = PBXFileReference; lastKnownFileType = sourcecode.swift; path = TopInfoView.swift; sourceTree = "<group>"; };
		E561997F2AC6EE7300EC542D /* AccountImageView.swift */ = {isa = PBXFileReference; lastKnownFileType = sourcecode.swift; path = AccountImageView.swift; sourceTree = "<group>"; };
		E56199812AC9790300EC542D /* AccountGenderButton.swift */ = {isa = PBXFileReference; lastKnownFileType = sourcecode.swift; path = AccountGenderButton.swift; sourceTree = "<group>"; };
		E56199832AC97F5C00EC542D /* AccountGenderSelectorView.swift */ = {isa = PBXFileReference; lastKnownFileType = sourcecode.swift; path = AccountGenderSelectorView.swift; sourceTree = "<group>"; };
		E57CF0092AC43B7A001600A8 /* ProfileSettingsViewCell.swift */ = {isa = PBXFileReference; lastKnownFileType = sourcecode.swift; path = ProfileSettingsViewCell.swift; sourceTree = "<group>"; };
		E57CF00C2AC59B31001600A8 /* AccountSettingsView.swift */ = {isa = PBXFileReference; lastKnownFileType = sourcecode.swift; path = AccountSettingsView.swift; sourceTree = "<group>"; };
		E57CF00E2AC59C92001600A8 /* TextField.swift */ = {isa = PBXFileReference; lastKnownFileType = sourcecode.swift; path = TextField.swift; sourceTree = "<group>"; };
		E75FA2E42AC1BE1A005C947C /* CustomSearchBar.swift */ = {isa = PBXFileReference; lastKnownFileType = sourcecode.swift; name = CustomSearchBar.swift; path = PodcastApp/Screens/Search/Search/CustomSearchBar.swift; sourceTree = SOURCE_ROOT; };
		E75FA2E62AC1FBC3005C947C /* TopGenresView.swift */ = {isa = PBXFileReference; lastKnownFileType = sourcecode.swift; name = TopGenresView.swift; path = PodcastApp/Screens/Search/Search/TopGenresView.swift; sourceTree = SOURCE_ROOT; };
		E75FA2E82AC1FCA6005C947C /* GenreCell.swift */ = {isa = PBXFileReference; lastKnownFileType = sourcecode.swift; name = GenreCell.swift; path = PodcastApp/Screens/Search/Search/GenreCell.swift; sourceTree = SOURCE_ROOT; };
		E75FA2EC2AC2D45A005C947C /* BrowseAllView.swift */ = {isa = PBXFileReference; lastKnownFileType = sourcecode.swift; name = BrowseAllView.swift; path = PodcastApp/Screens/Search/Search/BrowseAllView.swift; sourceTree = SOURCE_ROOT; };
		E75FA2EE2AC48BFF005C947C /* SearchResultView.swift */ = {isa = PBXFileReference; lastKnownFileType = sourcecode.swift; name = SearchResultView.swift; path = PodcastApp/Screens/Search/Search/SearchResultView.swift; sourceTree = SOURCE_ROOT; };
		E7B4C16D2ACB467B00B27053 /* View.swift */ = {isa = PBXFileReference; lastKnownFileType = sourcecode.swift; path = View.swift; sourceTree = "<group>"; };
		E7B4C16F2ACB48CB00B27053 /* CategoryList.swift */ = {isa = PBXFileReference; lastKnownFileType = sourcecode.swift; name = CategoryList.swift; path = PodcastApp/Extensions/CategoryList.swift; sourceTree = SOURCE_ROOT; };
		E7B4C1712ACC053E00B27053 /* AllPodcatsView.swift */ = {isa = PBXFileReference; lastKnownFileType = sourcecode.swift; name = AllPodcatsView.swift; path = PodcastApp/Screens/Search/SearchResults/AllPodcatsView.swift; sourceTree = SOURCE_ROOT; };
		E7B4C1732ACDB80F00B27053 /* SearchCell.swift */ = {isa = PBXFileReference; lastKnownFileType = sourcecode.swift; name = SearchCell.swift; path = PodcastApp/Screens/Search/SearchResults/SearchCell.swift; sourceTree = SOURCE_ROOT; };
		F4B839E32AC5A9A10044E921 /* OnboardingViewController.swift */ = {isa = PBXFileReference; lastKnownFileType = sourcecode.swift; path = OnboardingViewController.swift; sourceTree = "<group>"; };
		F4B839E52ACC50410044E921 /* CreateAccountView.swift */ = {isa = PBXFileReference; lastKnownFileType = sourcecode.swift; path = CreateAccountView.swift; sourceTree = "<group>"; };
		F4CC1EB92ACCDBC400370E6B /* GoogleService-Info.plist */ = {isa = PBXFileReference; fileEncoding = 4; lastKnownFileType = text.plist.xml; path = "GoogleService-Info.plist"; sourceTree = "<group>"; };
		F4CC1EBB2ACCE14E00370E6B /* client_1056669238379-jdnkp5qvfjrfuub0sai0ba8a5uv4bi6i.apps.googleusercontent.com.plist */ = {isa = PBXFileReference; fileEncoding = 4; lastKnownFileType = text.plist.xml; path = "client_1056669238379-jdnkp5qvfjrfuub0sai0ba8a5uv4bi6i.apps.googleusercontent.com.plist"; sourceTree = "<group>"; };
		F4DBA60A2AC2F028007AF64F /* LoginView.swift */ = {isa = PBXFileReference; lastKnownFileType = sourcecode.swift; path = LoginView.swift; sourceTree = "<group>"; };
		F4DBA60C2AC30919007AF64F /* TextfieldExtension.swift */ = {isa = PBXFileReference; lastKnownFileType = sourcecode.swift; path = TextfieldExtension.swift; sourceTree = "<group>"; };
		F4DBA60E2AC445A8007AF64F /* CreateAccountDetailView.swift */ = {isa = PBXFileReference; lastKnownFileType = sourcecode.swift; path = CreateAccountDetailView.swift; sourceTree = "<group>"; };
/* End PBXFileReference section */

/* Begin PBXFrameworksBuildPhase section */
		57724E892ABDAB52006C3318 /* Frameworks */ = {
			isa = PBXFrameworksBuildPhase;
			buildActionMask = 2147483647;
			files = (
				57B3920B2AC16D2800BD7E82 /* RealmSwift in Frameworks */,
				57B391A72ABED54300BD7E82 /* Kingfisher in Frameworks */,
				F4CC1EB62ACCC1CA00370E6B /* GoogleSignInSwift in Frameworks */,
				57B391A02ABED51F00BD7E82 /* FirebaseAnalytics in Frameworks */,
				57B391A22ABED51F00BD7E82 /* FirebaseAuth in Frameworks */,
				57B391A42ABED51F00BD7E82 /* FirebaseFirestore in Frameworks */,
				F4CC1EB42ACCC1CA00370E6B /* GoogleSignIn in Frameworks */,
			);
			runOnlyForDeploymentPostprocessing = 0;
		};
/* End PBXFrameworksBuildPhase section */

/* Begin PBXGroup section */
		5769D0BA2AC76F8400D93A56 /* Models */ = {
			isa = PBXGroup;
			children = (
				5769D0BC2AC76F8400D93A56 /* Episode.swift */,
				5769D0BB2AC76F8400D93A56 /* Podcast.swift */,
			);
			path = Models;
			sourceTree = "<group>";
		};
		5769D0C42AC76FA700D93A56 /* Cells */ = {
			isa = PBXGroup;
			children = (
				57677B442ACDFA4E00A1DFFA /* CategoriesCell.swift */,
				5769D0C52AC76FA700D93A56 /* PodcastCell.swift */,
				57677B432ACDFA4E00A1DFFA /* CategoryNameCell.swift */,
			);
			path = Cells;
			sourceTree = "<group>";
		};
		57724E832ABDAB52006C3318 = {
			isa = PBXGroup;
			children = (
				F46E70972ACCBAD1002AA4FB /* Firebase */,
				57724E8E2ABDAB52006C3318 /* PodcastApp */,
				57724E8D2ABDAB52006C3318 /* Products */,
			);
			sourceTree = "<group>";
		};
		57724E8D2ABDAB52006C3318 /* Products */ = {
			isa = PBXGroup;
			children = (
				57724E8C2ABDAB52006C3318 /* PodcastApp.app */,
			);
			name = Products;
			sourceTree = "<group>";
		};
		57724E8E2ABDAB52006C3318 /* PodcastApp */ = {
			isa = PBXGroup;
			children = (
				57B3918C2ABECFDE00BD7E82 /* Application */,
				57B3918D2ABECFF800BD7E82 /* Screens */,
				57B3918E2ABED00900BD7E82 /* Service */,
				57B391AC2ABED6AA00BD7E82 /* Navigation */,
				57B391922ABED04400BD7E82 /* Extensions */,
				57B391932ABED06500BD7E82 /* Resourses */,
				57724E9D2ABDAB54006C3318 /* Info.plist */,
				F4CC1EB92ACCDBC400370E6B /* GoogleService-Info.plist */,
				F4CC1EBB2ACCE14E00370E6B /* client_1056669238379-jdnkp5qvfjrfuub0sai0ba8a5uv4bi6i.apps.googleusercontent.com.plist */,
			);
			path = PodcastApp;
			sourceTree = "<group>";
		};
		57B3918C2ABECFDE00BD7E82 /* Application */ = {
			isa = PBXGroup;
			children = (
				57724E8F2ABDAB52006C3318 /* AppDelegate.swift */,
				57724E912ABDAB52006C3318 /* SceneDelegate.swift */,
			);
			path = Application;
			sourceTree = "<group>";
		};
		57B3918D2ABECFF800BD7E82 /* Screens */ = {
			isa = PBXGroup;
			children = (
				57B391942ABED1BF00BD7E82 /* Authorization */,
				57B391952ABED23E00BD7E82 /* Onboarding */,
				57B391962ABED24A00BD7E82 /* Homepage */,
				57B391972ABED26400BD7E82 /* Channel */,
				57B391982ABED27B00BD7E82 /* NowPlaying */,
				57B391992ABED28B00BD7E82 /* Search */,
				57B3919B2ABED2BF00BD7E82 /* Favourites */,
				57B391A82ABED56900BD7E82 /* CreatePlaylist */,
				57B3919C2ABED2D500BD7E82 /* Profile */,
			);
			path = Screens;
			sourceTree = "<group>";
		};
		57B3918E2ABED00900BD7E82 /* Service */ = {
			isa = PBXGroup;
			children = (
				57B392062AC16C3F00BD7E82 /* CoreData */,
				57B3919D2ABED31D00BD7E82 /* Firebase */,
				57B391912ABED03800BD7E82 /* API */,
				5769D0D42AC876BC00D93A56 /* MusicPlayer.swift */,
				5769D0DA2AC9C8FB00D93A56 /* SongViewControllerProtocol.swift */,
				5769D0D62AC972B500D93A56 /* MiniPlayerVC.swift */,
				5769D0D82AC972E700D93A56 /* PodcastsSingltone.swift */,
			);
			path = Service;
			sourceTree = "<group>";
		};
		57B391912ABED03800BD7E82 /* API */ = {
			isa = PBXGroup;
			children = (
				5769D0BA2AC76F8400D93A56 /* Models */,
				5769D0BD2AC76F8400D93A56 /* NetworkManager.swift */,
			);
			path = API;
			sourceTree = "<group>";
		};
		57B391922ABED04400BD7E82 /* Extensions */ = {
			isa = PBXGroup;
			children = (
				57B391C62AC0CA9F00BD7E82 /* Fonts.swift */,
				57B391CB2AC0CBBE00BD7E82 /* Label.swift */,
				57B391CD2AC0CE3E00BD7E82 /* CustomColors.swift */,
				F4DBA60C2AC30919007AF64F /* TextfieldExtension.swift */,
				E57CF00E2AC59C92001600A8 /* TextField.swift */,
				E7B4C16D2ACB467B00B27053 /* View.swift */,
			);
			path = Extensions;
			sourceTree = "<group>";
		};
		57B391932ABED06500BD7E82 /* Resourses */ = {
			isa = PBXGroup;
			children = (
				57B391BF2AC0C93100BD7E82 /* Fonts */,
				57724E9A2ABDAB54006C3318 /* LaunchScreen.storyboard */,
				57724E982ABDAB54006C3318 /* Assets.xcassets */,
			);
			path = Resourses;
			sourceTree = "<group>";
		};
		57B391942ABED1BF00BD7E82 /* Authorization */ = {
			isa = PBXGroup;
			children = (
				57B391AB2ABED5E500BD7E82 /* CreateAccount */,
				57B391AA2ABED5DC00BD7E82 /* Login */,
			);
			path = Authorization;
			sourceTree = "<group>";
		};
		57B391952ABED23E00BD7E82 /* Onboarding */ = {
			isa = PBXGroup;
			children = (
				57B391E02AC1698E00BD7E82 /* Models */,
				57B391DF2AC1698400BD7E82 /* Views */,
				57B391DE2AC1697D00BD7E82 /* Controllers */,
			);
			path = Onboarding;
			sourceTree = "<group>";
		};
		57B391962ABED24A00BD7E82 /* Homepage */ = {
			isa = PBXGroup;
			children = (
				57B391E52AC16A6E00BD7E82 /* Models */,
				57B391E42AC16A6900BD7E82 /* Views */,
				57B391E32AC16A5D00BD7E82 /* Controllers */,
			);
			path = Homepage;
			sourceTree = "<group>";
		};
		57B391972ABED26400BD7E82 /* Channel */ = {
			isa = PBXGroup;
			children = (
				57B391E82AC16A8000BD7E82 /* Models */,
				57B391E72AC16A7C00BD7E82 /* Views */,
				57B391E62AC16A7700BD7E82 /* Controllers */,
				A0594EDA2AC5A0680013AC4B /* Models */,
			);
			path = Channel;
			sourceTree = "<group>";
		};
		57B391982ABED27B00BD7E82 /* NowPlaying */ = {
			isa = PBXGroup;
			children = (
				57B391ED2AC16AB500BD7E82 /* Models */,
				57B391EC2AC16AB100BD7E82 /* Views */,
				57B391EB2AC16AAB00BD7E82 /* Controllers */,
			);
			path = NowPlaying;
			sourceTree = "<group>";
		};
		57B391992ABED28B00BD7E82 /* Search */ = {
			isa = PBXGroup;
			children = (
				57B391F32AC16AF100BD7E82 /* Search */,
				57B391F42AC16AFB00BD7E82 /* SearchResults */,
			);
			path = Search;
			sourceTree = "<group>";
		};
		57B3919B2ABED2BF00BD7E82 /* Favourites */ = {
			isa = PBXGroup;
			children = (
				57B391FC2AC16B5000BD7E82 /* Models */,
				57B391FB2AC16B4B00BD7E82 /* Views */,
				57B391FA2AC16B4500BD7E82 /* Controllers */,
			);
			path = Favourites;
			sourceTree = "<group>";
		};
		57B3919C2ABED2D500BD7E82 /* Profile */ = {
			isa = PBXGroup;
			children = (
				57B392022AC16C1800BD7E82 /* Profile */,
				57B391A92ABED57400BD7E82 /* AccountSettings */,
			);
			path = Profile;
			sourceTree = "<group>";
		};
		57B3919D2ABED31D00BD7E82 /* Firebase */ = {
			isa = PBXGroup;
			children = (
			);
			path = Firebase;
			sourceTree = "<group>";
		};
		57B391A82ABED56900BD7E82 /* CreatePlaylist */ = {
			isa = PBXGroup;
			children = (
			);
			path = CreatePlaylist;
			sourceTree = "<group>";
		};
		57B391A92ABED57400BD7E82 /* AccountSettings */ = {
			isa = PBXGroup;
			children = (
				57B391FF2AC16B7600BD7E82 /* Models */,
				E57CF00B2AC59AD6001600A8 /* View */,
				57B391FD2AC16B5F00BD7E82 /* Controllers */,
			);
			path = AccountSettings;
			sourceTree = "<group>";
		};
		57B391AA2ABED5DC00BD7E82 /* Login */ = {
			isa = PBXGroup;
			children = (
				57B391D72AC1692B00BD7E82 /* Models */,
				57B391D62AC1691D00BD7E82 /* Views */,
				57B391D52AC1691600BD7E82 /* Controllers */,
			);
			path = Login;
			sourceTree = "<group>";
		};
		57B391AB2ABED5E500BD7E82 /* CreateAccount */ = {
			isa = PBXGroup;
			children = (
				57B391D42AC168F100BD7E82 /* Models */,
				57B391D32AC168E400BD7E82 /* Views */,
				57B391D22AC168D900BD7E82 /* Controllers */,
			);
			path = CreateAccount;
			sourceTree = "<group>";
		};
		57B391AC2ABED6AA00BD7E82 /* Navigation */ = {
			isa = PBXGroup;
			children = (
				57B391AE2ABED6CF00BD7E82 /* CustomTabBar */,
				57B391AD2ABED6B900BD7E82 /* CustomNavigationBar */,
			);
			path = Navigation;
			sourceTree = "<group>";
		};
		57B391AD2ABED6B900BD7E82 /* CustomNavigationBar */ = {
			isa = PBXGroup;
			children = (
			);
			path = CustomNavigationBar;
			sourceTree = "<group>";
		};
		57B391AE2ABED6CF00BD7E82 /* CustomTabBar */ = {
			isa = PBXGroup;
			children = (
				57B391AF2ABED87C00BD7E82 /* CustomTabBar.swift */,
			);
			path = CustomTabBar;
			sourceTree = "<group>";
		};
		57B391BF2AC0C93100BD7E82 /* Fonts */ = {
			isa = PBXGroup;
			children = (
				57B391C52AC0CA6C00BD7E82 /* SF-Pro-Display-Regular.otf */,
				57B391C42AC0CA5D00BD7E82 /* SF-Pro-Display-Semibold.otf */,
				57B391C02AC0C95000BD7E82 /* Manrope-Bold.ttf */,
				57B391C12AC0C95000BD7E82 /* Manrope-Regular.ttf */,
				57B391BB2AC0C92C00BD7E82 /* PlusJakartaSans-Bold.ttf */,
				57B391B92AC0C92C00BD7E82 /* PlusJakartaSans-Medium.ttf */,
				57B391BA2AC0C92C00BD7E82 /* PlusJakartaSans-SemiBold.ttf */,
			);
			path = Fonts;
			sourceTree = "<group>";
		};
		57B391D22AC168D900BD7E82 /* Controllers */ = {
			isa = PBXGroup;
			children = (
				57B391D82AC1694300BD7E82 /* CreateAccountViewController.swift */,
				57B391DA2AC1695700BD7E82 /* CreateAccountDetailViewController.swift */,
			);
			path = Controllers;
			sourceTree = "<group>";
		};
		57B391D32AC168E400BD7E82 /* Views */ = {
			isa = PBXGroup;
			children = (
				F4DBA60E2AC445A8007AF64F /* CreateAccountDetailView.swift */,
				F4B839E52ACC50410044E921 /* CreateAccountView.swift */,
			);
			path = Views;
			sourceTree = "<group>";
		};
		57B391D42AC168F100BD7E82 /* Models */ = {
			isa = PBXGroup;
			children = (
			);
			path = Models;
			sourceTree = "<group>";
		};
		57B391D52AC1691600BD7E82 /* Controllers */ = {
			isa = PBXGroup;
			children = (
				57B391DC2AC1696C00BD7E82 /* LoginViewController.swift */,
			);
			path = Controllers;
			sourceTree = "<group>";
		};
		57B391D62AC1691D00BD7E82 /* Views */ = {
			isa = PBXGroup;
			children = (
				F4DBA60A2AC2F028007AF64F /* LoginView.swift */,
			);
			path = Views;
			sourceTree = "<group>";
		};
		57B391D72AC1692B00BD7E82 /* Models */ = {
			isa = PBXGroup;
			children = (
			);
			path = Models;
			sourceTree = "<group>";
		};
		57B391DE2AC1697D00BD7E82 /* Controllers */ = {
			isa = PBXGroup;
			children = (
				57B391E12AC16A5600BD7E82 /* PagesViewController.swift */,
				F4B839E32AC5A9A10044E921 /* OnboardingViewController.swift */,
			);
			path = Controllers;
			sourceTree = "<group>";
		};
		57B391DF2AC1698400BD7E82 /* Views */ = {
			isa = PBXGroup;
			children = (
			);
			path = Views;
			sourceTree = "<group>";
		};
		57B391E02AC1698E00BD7E82 /* Models */ = {
			isa = PBXGroup;
			children = (
			);
			path = Models;
			sourceTree = "<group>";
		};
		57B391E32AC16A5D00BD7E82 /* Controllers */ = {
			isa = PBXGroup;
			children = (
				5769D0DC2AC9CAEC00D93A56 /* HomeViewController.swift */,
			);
			path = Controllers;
			sourceTree = "<group>";
		};
		57B391E42AC16A6900BD7E82 /* Views */ = {
			isa = PBXGroup;
			children = (
				A0B5C3B62AD00DF800EBB704 /* TopInfoView.swift */,
				57677B482ACDFA6200A1DFFA /* TrendingCollectionView.swift */,
				5769D0C72AC76FA700D93A56 /* PopularCollectionView.swift */,
				57677B472ACDFA6200A1DFFA /* CategoriesNames.swift */,
				5769D0C42AC76FA700D93A56 /* Cells */,
			);
			path = Views;
			sourceTree = "<group>";
		};
		57B391E52AC16A6E00BD7E82 /* Models */ = {
			isa = PBXGroup;
			children = (
				5769D0C12AC76FA000D93A56 /* PodcastItem.swift */,
				57677B4B2ACE01D700A1DFFA /* CategoryItemCell.swift */,
				5769D0DE2AC9DBB600D93A56 /* EpisodeItemCell.swift */,
			);
			path = Models;
			sourceTree = "<group>";
		};
		57B391E62AC16A7700BD7E82 /* Controllers */ = {
			isa = PBXGroup;
			children = (
				57B391E92AC16A9100BD7E82 /* ChannelViewController.swift */,
				A0B5C3AC2AC5AE5600EBB704 /* EpisodeCell.swift */,
			);
			path = Controllers;
			sourceTree = "<group>";
		};
		57B391E72AC16A7C00BD7E82 /* Views */ = {
			isa = PBXGroup;
			children = (
			);
			path = Views;
			sourceTree = "<group>";
		};
		57B391E82AC16A8000BD7E82 /* Models */ = {
			isa = PBXGroup;
			children = (
				A0B5C3AA2AC5A41C00EBB704 /* EpisodeModel.swift */,
			);
			path = Models;
			sourceTree = "<group>";
		};
		57B391EB2AC16AAB00BD7E82 /* Controllers */ = {
			isa = PBXGroup;
			children = (
				5769D0D02AC76FCD00D93A56 /* GalleryView.swift */,
				57B391EE2AC16AC600BD7E82 /* NowPlayingViewController.swift */,
			);
			path = Controllers;
			sourceTree = "<group>";
		};
		57B391EC2AC16AB100BD7E82 /* Views */ = {
			isa = PBXGroup;
			children = (
				5769D0CC2AC76FC700D93A56 /* ImageCollectionViewCell.swift */,
				5769D0CD2AC76FC700D93A56 /* PodcastView.swift */,
			);
			path = Views;
			sourceTree = "<group>";
		};
		57B391ED2AC16AB500BD7E82 /* Models */ = {
			isa = PBXGroup;
			children = (
			);
			path = Models;
			sourceTree = "<group>";
		};
		57B391F02AC16ACB00BD7E82 /* Controllers */ = {
			isa = PBXGroup;
			children = (
				57B391B32ABED98100BD7E82 /* SearchViewController.swift */,
			);
			path = Controllers;
			sourceTree = "<group>";
		};
		57B391F12AC16AD500BD7E82 /* Views */ = {
			isa = PBXGroup;
			children = (
				E75FA2E82AC1FCA6005C947C /* GenreCell.swift */,
				E75FA2E62AC1FBC3005C947C /* TopGenresView.swift */,
				E75FA2EC2AC2D45A005C947C /* BrowseAllView.swift */,
				E75FA2E42AC1BE1A005C947C /* CustomSearchBar.swift */,
			);
			path = Views;
			sourceTree = "<group>";
		};
		57B391F22AC16ADB00BD7E82 /* Models */ = {
			isa = PBXGroup;
			children = (
				E7B4C16F2ACB48CB00B27053 /* CategoryList.swift */,
			);
			path = Models;
			sourceTree = "<group>";
		};
		57B391F32AC16AF100BD7E82 /* Search */ = {
			isa = PBXGroup;
			children = (
				57B391F22AC16ADB00BD7E82 /* Models */,
				57B391F12AC16AD500BD7E82 /* Views */,
				57B391F02AC16ACB00BD7E82 /* Controllers */,
			);
			path = Search;
			sourceTree = "<group>";
		};
		57B391F42AC16AFB00BD7E82 /* SearchResults */ = {
			isa = PBXGroup;
			children = (
				57B391F62AC16B1E00BD7E82 /* Models */,
				57B391F72AC16B2200BD7E82 /* Views */,
				57B391F52AC16B1700BD7E82 /* Controllers */,
			);
			path = SearchResults;
			sourceTree = "<group>";
		};
		57B391F52AC16B1700BD7E82 /* Controllers */ = {
			isa = PBXGroup;
			children = (
				57B391F82AC16B4000BD7E82 /* SearchResultsViewController.swift */,
			);
			path = Controllers;
			sourceTree = "<group>";
		};
		57B391F62AC16B1E00BD7E82 /* Models */ = {
			isa = PBXGroup;
			children = (
			);
			path = Models;
			sourceTree = "<group>";
		};
		57B391F72AC16B2200BD7E82 /* Views */ = {
			isa = PBXGroup;
			children = (
				E75FA2EE2AC48BFF005C947C /* SearchResultView.swift */,
				E7B4C1712ACC053E00B27053 /* AllPodcatsView.swift */,
				E7B4C1732ACDB80F00B27053 /* SearchCell.swift */,
			);
			path = Views;
			sourceTree = "<group>";
		};
		57B391FA2AC16B4500BD7E82 /* Controllers */ = {
			isa = PBXGroup;
			children = (
				57B391B52ABED9B700BD7E82 /* FavoritesViewController.swift */,
				A0594ED42AC583830013AC4B /* FavouriteChannelCell.swift */,
			);
			path = Controllers;
			sourceTree = "<group>";
		};
		57B391FB2AC16B4B00BD7E82 /* Views */ = {
			isa = PBXGroup;
			children = (
			);
			path = Views;
			sourceTree = "<group>";
		};
		57B391FC2AC16B5000BD7E82 /* Models */ = {
			isa = PBXGroup;
			children = (
				A0594ED22AC57F320013AC4B /* ChannelModel.swift */,
			);
			path = Models;
			sourceTree = "<group>";
		};
		57B391FD2AC16B5F00BD7E82 /* Controllers */ = {
			isa = PBXGroup;
			children = (
				57B392002AC16C0000BD7E82 /* AccountSettingsViewController.swift */,
			);
			path = Controllers;
			sourceTree = "<group>";
		};
		57B391FF2AC16B7600BD7E82 /* Models */ = {
			isa = PBXGroup;
			children = (
			);
			path = Models;
			sourceTree = "<group>";
		};
		57B392022AC16C1800BD7E82 /* Profile */ = {
			isa = PBXGroup;
			children = (
				57B392052AC16C3200BD7E82 /* Models */,
				E57CF0002AC36644001600A8 /* Views */,
				57B392032AC16C2600BD7E82 /* Controllers */,
			);
			path = Profile;
			sourceTree = "<group>";
		};
		57B392032AC16C2600BD7E82 /* Controllers */ = {
			isa = PBXGroup;
			children = (
				57B391B72ABED9E900BD7E82 /* ProfileSettingsViewController.swift */,
			);
			path = Controllers;
			sourceTree = "<group>";
		};
		57B392052AC16C3200BD7E82 /* Models */ = {
			isa = PBXGroup;
			children = (
			);
			name = Models;
			path = Views/Models;
			sourceTree = "<group>";
		};
		57B392062AC16C3F00BD7E82 /* CoreData */ = {
			isa = PBXGroup;
			children = (
				5769D0E02ACADD4D00D93A56 /* DataModel.xcdatamodeld */,
				5769D0E32ACAE49700D93A56 /* SaveToCoreData.swift */,
			);
			path = CoreData;
			sourceTree = "<group>";
		};
		A0594EDA2AC5A0680013AC4B /* Models */ = {
			isa = PBXGroup;
			children = (
			);
			path = Models;
			sourceTree = "<group>";
		};
		E57CF0002AC36644001600A8 /* Views */ = {
			isa = PBXGroup;
			children = (
				E57CF0092AC43B7A001600A8 /* ProfileSettingsViewCell.swift */,
			);
			path = Views;
			sourceTree = "<group>";
		};
		E57CF00B2AC59AD6001600A8 /* View */ = {
			isa = PBXGroup;
			children = (
				E57CF00C2AC59B31001600A8 /* AccountSettingsView.swift */,
				E561997F2AC6EE7300EC542D /* AccountImageView.swift */,
				E56199812AC9790300EC542D /* AccountGenderButton.swift */,
				E56199832AC97F5C00EC542D /* AccountGenderSelectorView.swift */,
			);
			path = View;
			sourceTree = "<group>";
		};
		F46E70972ACCBAD1002AA4FB /* Firebase */ = {
			isa = PBXGroup;
			children = (
			);
			path = Firebase;
			sourceTree = "<group>";
		};
/* End PBXGroup section */

/* Begin PBXNativeTarget section */
		57724E8B2ABDAB52006C3318 /* PodcastApp */ = {
			isa = PBXNativeTarget;
			buildConfigurationList = 57724EA02ABDAB54006C3318 /* Build configuration list for PBXNativeTarget "PodcastApp" */;
			buildPhases = (
				57724E882ABDAB52006C3318 /* Sources */,
				57724E892ABDAB52006C3318 /* Frameworks */,
				57724E8A2ABDAB52006C3318 /* Resources */,
			);
			buildRules = (
			);
			dependencies = (
			);
			name = PodcastApp;
			packageProductDependencies = (
				57B3919F2ABED51F00BD7E82 /* FirebaseAnalytics */,
				57B391A12ABED51F00BD7E82 /* FirebaseAuth */,
				57B391A32ABED51F00BD7E82 /* FirebaseFirestore */,
				57B391A62ABED54300BD7E82 /* Kingfisher */,
				57B3920A2AC16D2800BD7E82 /* RealmSwift */,
				F4CC1EB32ACCC1CA00370E6B /* GoogleSignIn */,
				F4CC1EB52ACCC1CA00370E6B /* GoogleSignInSwift */,
			);
			productName = PodcastApp;
			productReference = 57724E8C2ABDAB52006C3318 /* PodcastApp.app */;
			productType = "com.apple.product-type.application";
		};
/* End PBXNativeTarget section */

/* Begin PBXProject section */
		57724E842ABDAB52006C3318 /* Project object */ = {
			isa = PBXProject;
			attributes = {
				BuildIndependentTargetsInParallel = 1;
				LastSwiftUpdateCheck = 1430;
				LastUpgradeCheck = 1430;
				TargetAttributes = {
					57724E8B2ABDAB52006C3318 = {
						CreatedOnToolsVersion = 14.3;
					};
				};
			};
			buildConfigurationList = 57724E872ABDAB52006C3318 /* Build configuration list for PBXProject "PodcastApp" */;
			compatibilityVersion = "Xcode 14.0";
			developmentRegion = en;
			hasScannedForEncodings = 0;
			knownRegions = (
				en,
				Base,
			);
			mainGroup = 57724E832ABDAB52006C3318;
			packageReferences = (
				57B3919E2ABED51F00BD7E82 /* XCRemoteSwiftPackageReference "firebase-ios-sdk" */,
				57B391A52ABED54300BD7E82 /* XCRemoteSwiftPackageReference "Kingfisher" */,
				57B392072AC16D2800BD7E82 /* XCRemoteSwiftPackageReference "realm-swift" */,
				F4CC1EB22ACCC1C900370E6B /* XCRemoteSwiftPackageReference "GoogleSignIn-iOS" */,
			);
			productRefGroup = 57724E8D2ABDAB52006C3318 /* Products */;
			projectDirPath = "";
			projectRoot = "";
			targets = (
				57724E8B2ABDAB52006C3318 /* PodcastApp */,
			);
		};
/* End PBXProject section */

/* Begin PBXResourcesBuildPhase section */
		57724E8A2ABDAB52006C3318 /* Resources */ = {
			isa = PBXResourcesBuildPhase;
			buildActionMask = 2147483647;
			files = (
				57B391C82AC0CAD800BD7E82 /* SF-Pro-Display-Regular.otf in Resources */,
				57B391C92AC0CAD800BD7E82 /* SF-Pro-Display-Semibold.otf in Resources */,
				F4CC1EBA2ACCDBC400370E6B /* GoogleService-Info.plist in Resources */,
				57724E9C2ABDAB54006C3318 /* LaunchScreen.storyboard in Resources */,
				57724E992ABDAB54006C3318 /* Assets.xcassets in Resources */,
				57B391BE2AC0C92C00BD7E82 /* PlusJakartaSans-Bold.ttf in Resources */,
				57B391BC2AC0C92C00BD7E82 /* PlusJakartaSans-Medium.ttf in Resources */,
				57B391BD2AC0C92C00BD7E82 /* PlusJakartaSans-SemiBold.ttf in Resources */,
				F4CC1EBC2ACCE14E00370E6B /* client_1056669238379-jdnkp5qvfjrfuub0sai0ba8a5uv4bi6i.apps.googleusercontent.com.plist in Resources */,
				57B391C22AC0C95000BD7E82 /* Manrope-Bold.ttf in Resources */,
				57B391C32AC0C95000BD7E82 /* Manrope-Regular.ttf in Resources */,
			);
			runOnlyForDeploymentPostprocessing = 0;
		};
/* End PBXResourcesBuildPhase section */

/* Begin PBXSourcesBuildPhase section */
		57724E882ABDAB52006C3318 /* Sources */ = {
			isa = PBXSourcesBuildPhase;
			buildActionMask = 2147483647;
			files = (
				57677B4D2ACF477100A1DFFA /* View.swift in Sources */,
				5769D0E82ACB01AC00D93A56 /* ProfileSettingsViewController.swift in Sources */,
				5769D0E72ACAFFC000D93A56 /* CustomColors.swift in Sources */,
				5769D0E62ACAFFBD00D93A56 /* Fonts.swift in Sources */,
				5769D0E52ACAFFAA00D93A56 /* Label.swift in Sources */,
				57B391EF2AC16AC600BD7E82 /* NowPlayingViewController.swift in Sources */,
				57B391F92AC16B4000BD7E82 /* SearchResultsViewController.swift in Sources */,
				E57CF00F2AC59C92001600A8 /* TextField.swift in Sources */,
				57B391B42ABED98100BD7E82 /* SearchViewController.swift in Sources */,
				5769D0D72AC972B500D93A56 /* MiniPlayerVC.swift in Sources */,
				5769D0DD2AC9CAEC00D93A56 /* HomeViewController.swift in Sources */,
				57724E902ABDAB52006C3318 /* AppDelegate.swift in Sources */,
				5769D0CF2AC76FC700D93A56 /* PodcastView.swift in Sources */,
				57B391D92AC1694300BD7E82 /* CreateAccountViewController.swift in Sources */,
				57677B452ACDFA4E00A1DFFA /* CategoryNameCell.swift in Sources */,
				5769D0CB2AC76FA700D93A56 /* PopularCollectionView.swift in Sources */,
				5769D0DB2AC9C8FB00D93A56 /* SongViewControllerProtocol.swift in Sources */,
				57B391EA2AC16A9100BD7E82 /* ChannelViewController.swift in Sources */,
				E75FA2E92AC1FCA6005C947C /* GenreCell.swift in Sources */,
				57677B4C2ACE01D700A1DFFA /* CategoryItemCell.swift in Sources */,
				E56199822AC9790300EC542D /* AccountGenderButton.swift in Sources */,
				E75FA2EF2AC48BFF005C947C /* SearchResultView.swift in Sources */,
				57B391B02ABED87C00BD7E82 /* CustomTabBar.swift in Sources */,
				F4B839E62ACC50410044E921 /* CreateAccountView.swift in Sources */,
				A0B5C3B72AD00DF800EBB704 /* TopInfoView.swift in Sources */,
				F4DBA60D2AC30919007AF64F /* TextfieldExtension.swift in Sources */,
				E75FA2E72AC1FBC3005C947C /* TopGenresView.swift in Sources */,
				5769D0E22ACADD4D00D93A56 /* DataModel.xcdatamodeld in Sources */,
				5769D0D52AC876BC00D93A56 /* MusicPlayer.swift in Sources */,
				E75FA2ED2AC2D45A005C947C /* BrowseAllView.swift in Sources */,
				5769D0CE2AC76FC700D93A56 /* ImageCollectionViewCell.swift in Sources */,
				E56199842AC97F5C00EC542D /* AccountGenderSelectorView.swift in Sources */,
				5769D0C02AC76F8400D93A56 /* NetworkManager.swift in Sources */,
				E75FA2E52AC1BE1A005C947C /* CustomSearchBar.swift in Sources */,
				57677B462ACDFA4E00A1DFFA /* CategoriesCell.swift in Sources */,
				A0594ED52AC583830013AC4B /* FavouriteChannelCell.swift in Sources */,
				5769D0BF2AC76F8400D93A56 /* Episode.swift in Sources */,
				5769D0BE2AC76F8400D93A56 /* Podcast.swift in Sources */,
				5769D0D92AC972E700D93A56 /* PodcastsSingltone.swift in Sources */,
				57677B492ACDFA6200A1DFFA /* CategoriesNames.swift in Sources */,
				A0B5C3AB2AC5A41C00EBB704 /* EpisodeModel.swift in Sources */,
				5769D0C92AC76FA700D93A56 /* PodcastCell.swift in Sources */,
				E7B4C1722ACC053E00B27053 /* AllPodcatsView.swift in Sources */,
				5769D0C92AC76FA700D93A56 /* PodcastCell.swift in Sources */,
				A0594ED32AC57F320013AC4B /* ChannelModel.swift in Sources */,
				5769D0E42ACAE49700D93A56 /* SaveToCoreData.swift in Sources */,
				57B392012AC16C0000BD7E82 /* AccountSettingsViewController.swift in Sources */,
				E7B4C1742ACDB80F00B27053 /* SearchCell.swift in Sources */,
				E56199802AC6EE7300EC542D /* AccountImageView.swift in Sources */,
				5769D0C22AC76FA000D93A56 /* PodcastItem.swift in Sources */,
				57B391DB2AC1695700BD7E82 /* CreateAccountDetailViewController.swift in Sources */,
				E57CF00A2AC43B7A001600A8 /* ProfileSettingsViewCell.swift in Sources */,
				57B391B62ABED9B700BD7E82 /* FavoritesViewController.swift in Sources */,
				5769D0DF2AC9DBB600D93A56 /* EpisodeItemCell.swift in Sources */,
				E7B4C1702ACB48CB00B27053 /* CategoryList.swift in Sources */,
				57B391DD2AC1696C00BD7E82 /* LoginViewController.swift in Sources */,
				F4DBA60F2AC445A8007AF64F /* CreateAccountDetailView.swift in Sources */,
				57B391E22AC16A5600BD7E82 /* PagesViewController.swift in Sources */,
				57677B4A2ACDFA6200A1DFFA /* TrendingCollectionView.swift in Sources */,
				F4DBA60B2AC2F028007AF64F /* LoginView.swift in Sources */,
				57724E922ABDAB52006C3318 /* SceneDelegate.swift in Sources */,
				F4B839E42AC5A9A10044E921 /* OnboardingViewController.swift in Sources */,
				57B391E22AC16A5600BD7E82 /* PagesViewController.swift in Sources */,
				E57CF00D2AC59B31001600A8 /* AccountSettingsView.swift in Sources */,
				57724E922ABDAB52006C3318 /* SceneDelegate.swift in Sources */,
				5769D0D12AC76FCD00D93A56 /* GalleryView.swift in Sources */,
				A0B5C3AD2AC5AE5600EBB704 /* EpisodeCell.swift in Sources */,
			);
			runOnlyForDeploymentPostprocessing = 0;
		};
/* End PBXSourcesBuildPhase section */

/* Begin PBXVariantGroup section */
		57724E9A2ABDAB54006C3318 /* LaunchScreen.storyboard */ = {
			isa = PBXVariantGroup;
			children = (
				57724E9B2ABDAB54006C3318 /* Base */,
			);
			name = LaunchScreen.storyboard;
			sourceTree = "<group>";
		};
/* End PBXVariantGroup section */

/* Begin XCBuildConfiguration section */
		57724E9E2ABDAB54006C3318 /* Debug */ = {
			isa = XCBuildConfiguration;
			buildSettings = {
				ALWAYS_SEARCH_USER_PATHS = NO;
				CLANG_ANALYZER_NONNULL = YES;
				CLANG_ANALYZER_NUMBER_OBJECT_CONVERSION = YES_AGGRESSIVE;
				CLANG_CXX_LANGUAGE_STANDARD = "gnu++20";
				CLANG_ENABLE_MODULES = YES;
				CLANG_ENABLE_OBJC_ARC = YES;
				CLANG_ENABLE_OBJC_WEAK = YES;
				CLANG_WARN_BLOCK_CAPTURE_AUTORELEASING = YES;
				CLANG_WARN_BOOL_CONVERSION = YES;
				CLANG_WARN_COMMA = YES;
				CLANG_WARN_CONSTANT_CONVERSION = YES;
				CLANG_WARN_DEPRECATED_OBJC_IMPLEMENTATIONS = YES;
				CLANG_WARN_DIRECT_OBJC_ISA_USAGE = YES_ERROR;
				CLANG_WARN_DOCUMENTATION_COMMENTS = YES;
				CLANG_WARN_EMPTY_BODY = YES;
				CLANG_WARN_ENUM_CONVERSION = YES;
				CLANG_WARN_INFINITE_RECURSION = YES;
				CLANG_WARN_INT_CONVERSION = YES;
				CLANG_WARN_NON_LITERAL_NULL_CONVERSION = YES;
				CLANG_WARN_OBJC_IMPLICIT_RETAIN_SELF = YES;
				CLANG_WARN_OBJC_LITERAL_CONVERSION = YES;
				CLANG_WARN_OBJC_ROOT_CLASS = YES_ERROR;
				CLANG_WARN_QUOTED_INCLUDE_IN_FRAMEWORK_HEADER = YES;
				CLANG_WARN_RANGE_LOOP_ANALYSIS = YES;
				CLANG_WARN_STRICT_PROTOTYPES = YES;
				CLANG_WARN_SUSPICIOUS_MOVE = YES;
				CLANG_WARN_UNGUARDED_AVAILABILITY = YES_AGGRESSIVE;
				CLANG_WARN_UNREACHABLE_CODE = YES;
				CLANG_WARN__DUPLICATE_METHOD_MATCH = YES;
				COPY_PHASE_STRIP = NO;
				DEBUG_INFORMATION_FORMAT = dwarf;
				ENABLE_STRICT_OBJC_MSGSEND = YES;
				ENABLE_TESTABILITY = YES;
				GCC_C_LANGUAGE_STANDARD = gnu11;
				GCC_DYNAMIC_NO_PIC = NO;
				GCC_NO_COMMON_BLOCKS = YES;
				GCC_OPTIMIZATION_LEVEL = 0;
				GCC_PREPROCESSOR_DEFINITIONS = (
					"DEBUG=1",
					"$(inherited)",
				);
				GCC_WARN_64_TO_32_BIT_CONVERSION = YES;
				GCC_WARN_ABOUT_RETURN_TYPE = YES_ERROR;
				GCC_WARN_UNDECLARED_SELECTOR = YES;
				GCC_WARN_UNINITIALIZED_AUTOS = YES_AGGRESSIVE;
				GCC_WARN_UNUSED_FUNCTION = YES;
				GCC_WARN_UNUSED_VARIABLE = YES;
				IPHONEOS_DEPLOYMENT_TARGET = 16.4;
				MTL_ENABLE_DEBUG_INFO = INCLUDE_SOURCE;
				MTL_FAST_MATH = YES;
				ONLY_ACTIVE_ARCH = YES;
				SDKROOT = iphoneos;
				SWIFT_ACTIVE_COMPILATION_CONDITIONS = DEBUG;
				SWIFT_OPTIMIZATION_LEVEL = "-Onone";
			};
			name = Debug;
		};
		57724E9F2ABDAB54006C3318 /* Release */ = {
			isa = XCBuildConfiguration;
			buildSettings = {
				ALWAYS_SEARCH_USER_PATHS = NO;
				CLANG_ANALYZER_NONNULL = YES;
				CLANG_ANALYZER_NUMBER_OBJECT_CONVERSION = YES_AGGRESSIVE;
				CLANG_CXX_LANGUAGE_STANDARD = "gnu++20";
				CLANG_ENABLE_MODULES = YES;
				CLANG_ENABLE_OBJC_ARC = YES;
				CLANG_ENABLE_OBJC_WEAK = YES;
				CLANG_WARN_BLOCK_CAPTURE_AUTORELEASING = YES;
				CLANG_WARN_BOOL_CONVERSION = YES;
				CLANG_WARN_COMMA = YES;
				CLANG_WARN_CONSTANT_CONVERSION = YES;
				CLANG_WARN_DEPRECATED_OBJC_IMPLEMENTATIONS = YES;
				CLANG_WARN_DIRECT_OBJC_ISA_USAGE = YES_ERROR;
				CLANG_WARN_DOCUMENTATION_COMMENTS = YES;
				CLANG_WARN_EMPTY_BODY = YES;
				CLANG_WARN_ENUM_CONVERSION = YES;
				CLANG_WARN_INFINITE_RECURSION = YES;
				CLANG_WARN_INT_CONVERSION = YES;
				CLANG_WARN_NON_LITERAL_NULL_CONVERSION = YES;
				CLANG_WARN_OBJC_IMPLICIT_RETAIN_SELF = YES;
				CLANG_WARN_OBJC_LITERAL_CONVERSION = YES;
				CLANG_WARN_OBJC_ROOT_CLASS = YES_ERROR;
				CLANG_WARN_QUOTED_INCLUDE_IN_FRAMEWORK_HEADER = YES;
				CLANG_WARN_RANGE_LOOP_ANALYSIS = YES;
				CLANG_WARN_STRICT_PROTOTYPES = YES;
				CLANG_WARN_SUSPICIOUS_MOVE = YES;
				CLANG_WARN_UNGUARDED_AVAILABILITY = YES_AGGRESSIVE;
				CLANG_WARN_UNREACHABLE_CODE = YES;
				CLANG_WARN__DUPLICATE_METHOD_MATCH = YES;
				COPY_PHASE_STRIP = NO;
				DEBUG_INFORMATION_FORMAT = "dwarf-with-dsym";
				ENABLE_NS_ASSERTIONS = NO;
				ENABLE_STRICT_OBJC_MSGSEND = YES;
				GCC_C_LANGUAGE_STANDARD = gnu11;
				GCC_NO_COMMON_BLOCKS = YES;
				GCC_WARN_64_TO_32_BIT_CONVERSION = YES;
				GCC_WARN_ABOUT_RETURN_TYPE = YES_ERROR;
				GCC_WARN_UNDECLARED_SELECTOR = YES;
				GCC_WARN_UNINITIALIZED_AUTOS = YES_AGGRESSIVE;
				GCC_WARN_UNUSED_FUNCTION = YES;
				GCC_WARN_UNUSED_VARIABLE = YES;
				IPHONEOS_DEPLOYMENT_TARGET = 16.4;
				MTL_ENABLE_DEBUG_INFO = NO;
				MTL_FAST_MATH = YES;
				SDKROOT = iphoneos;
				SWIFT_COMPILATION_MODE = wholemodule;
				SWIFT_OPTIMIZATION_LEVEL = "-O";
				VALIDATE_PRODUCT = YES;
			};
			name = Release;
		};
		57724EA12ABDAB54006C3318 /* Debug */ = {
			isa = XCBuildConfiguration;
			buildSettings = {
				ASSETCATALOG_COMPILER_APPICON_NAME = AppIcon;
				ASSETCATALOG_COMPILER_GLOBAL_ACCENT_COLOR_NAME = AccentColor;
				CODE_SIGN_STYLE = Automatic;
				CURRENT_PROJECT_VERSION = 1;
				DEVELOPMENT_TEAM = FVUCM87L3U;
				GENERATE_INFOPLIST_FILE = YES;
				INFOPLIST_FILE = PodcastApp/Info.plist;
				INFOPLIST_KEY_UIApplicationSupportsIndirectInputEvents = YES;
				INFOPLIST_KEY_UILaunchStoryboardName = LaunchScreen;
				INFOPLIST_KEY_UISupportedInterfaceOrientations = UIInterfaceOrientationPortrait;
				INFOPLIST_KEY_UISupportedInterfaceOrientations_iPad = "UIInterfaceOrientationLandscapeLeft UIInterfaceOrientationLandscapeRight UIInterfaceOrientationPortrait UIInterfaceOrientationPortraitUpsideDown";
				IPHONEOS_DEPLOYMENT_TARGET = 15.0;
				LD_RUNPATH_SEARCH_PATHS = (
					"$(inherited)",
					"@executable_path/Frameworks",
				);
				MARKETING_VERSION = 1.0;
				PRODUCT_BUNDLE_IDENTIFIER = "-9987.PodcastApp";
				PRODUCT_NAME = "$(TARGET_NAME)";
				SUPPORTED_PLATFORMS = "iphoneos iphonesimulator";
				SUPPORTS_MACCATALYST = NO;
				SUPPORTS_MAC_DESIGNED_FOR_IPHONE_IPAD = NO;
				SWIFT_EMIT_LOC_STRINGS = YES;
				SWIFT_VERSION = 5.0;
				TARGETED_DEVICE_FAMILY = 1;
			};
			name = Debug;
		};
		57724EA22ABDAB54006C3318 /* Release */ = {
			isa = XCBuildConfiguration;
			buildSettings = {
				ASSETCATALOG_COMPILER_APPICON_NAME = AppIcon;
				ASSETCATALOG_COMPILER_GLOBAL_ACCENT_COLOR_NAME = AccentColor;
				CODE_SIGN_STYLE = Automatic;
				CURRENT_PROJECT_VERSION = 1;
				DEVELOPMENT_TEAM = FVUCM87L3U;
				GENERATE_INFOPLIST_FILE = YES;
				INFOPLIST_FILE = PodcastApp/Info.plist;
				INFOPLIST_KEY_UIApplicationSupportsIndirectInputEvents = YES;
				INFOPLIST_KEY_UILaunchStoryboardName = LaunchScreen;
				INFOPLIST_KEY_UISupportedInterfaceOrientations = UIInterfaceOrientationPortrait;
				INFOPLIST_KEY_UISupportedInterfaceOrientations_iPad = "UIInterfaceOrientationLandscapeLeft UIInterfaceOrientationLandscapeRight UIInterfaceOrientationPortrait UIInterfaceOrientationPortraitUpsideDown";
				IPHONEOS_DEPLOYMENT_TARGET = 15.0;
				LD_RUNPATH_SEARCH_PATHS = (
					"$(inherited)",
					"@executable_path/Frameworks",
				);
				MARKETING_VERSION = 1.0;
				PRODUCT_BUNDLE_IDENTIFIER = "-9987.PodcastApp";
				PRODUCT_NAME = "$(TARGET_NAME)";
				SUPPORTED_PLATFORMS = "iphoneos iphonesimulator";
				SUPPORTS_MACCATALYST = NO;
				SUPPORTS_MAC_DESIGNED_FOR_IPHONE_IPAD = NO;
				SWIFT_EMIT_LOC_STRINGS = YES;
				SWIFT_VERSION = 5.0;
				TARGETED_DEVICE_FAMILY = 1;
			};
			name = Release;
		};
/* End XCBuildConfiguration section */

/* Begin XCConfigurationList section */
		57724E872ABDAB52006C3318 /* Build configuration list for PBXProject "PodcastApp" */ = {
			isa = XCConfigurationList;
			buildConfigurations = (
				57724E9E2ABDAB54006C3318 /* Debug */,
				57724E9F2ABDAB54006C3318 /* Release */,
			);
			defaultConfigurationIsVisible = 0;
			defaultConfigurationName = Release;
		};
		57724EA02ABDAB54006C3318 /* Build configuration list for PBXNativeTarget "PodcastApp" */ = {
			isa = XCConfigurationList;
			buildConfigurations = (
				57724EA12ABDAB54006C3318 /* Debug */,
				57724EA22ABDAB54006C3318 /* Release */,
			);
			defaultConfigurationIsVisible = 0;
			defaultConfigurationName = Release;
		};
/* End XCConfigurationList section */

/* Begin XCRemoteSwiftPackageReference section */
		57B3919E2ABED51F00BD7E82 /* XCRemoteSwiftPackageReference "firebase-ios-sdk" */ = {
			isa = XCRemoteSwiftPackageReference;
			repositoryURL = "https://github.com/firebase/firebase-ios-sdk";
			requirement = {
				kind = upToNextMajorVersion;
				minimumVersion = 10.0.0;
			};
		};
		57B391A52ABED54300BD7E82 /* XCRemoteSwiftPackageReference "Kingfisher" */ = {
			isa = XCRemoteSwiftPackageReference;
			repositoryURL = "https://github.com/onevcat/Kingfisher";
			requirement = {
				kind = upToNextMajorVersion;
				minimumVersion = 7.0.0;
			};
		};
		57B392072AC16D2800BD7E82 /* XCRemoteSwiftPackageReference "realm-swift" */ = {
			isa = XCRemoteSwiftPackageReference;
			repositoryURL = "https://github.com/realm/realm-swift.git";
			requirement = {
				branch = master;
				kind = branch;
			};
		};
		F4CC1EB22ACCC1C900370E6B /* XCRemoteSwiftPackageReference "GoogleSignIn-iOS" */ = {
			isa = XCRemoteSwiftPackageReference;
			repositoryURL = "https://github.com/google/GoogleSignIn-iOS";
			requirement = {
				kind = upToNextMajorVersion;
				minimumVersion = 7.0.0;
			};
		};
/* End XCRemoteSwiftPackageReference section */

/* Begin XCSwiftPackageProductDependency section */
		57B3919F2ABED51F00BD7E82 /* FirebaseAnalytics */ = {
			isa = XCSwiftPackageProductDependency;
			package = 57B3919E2ABED51F00BD7E82 /* XCRemoteSwiftPackageReference "firebase-ios-sdk" */;
			productName = FirebaseAnalytics;
		};
		57B391A12ABED51F00BD7E82 /* FirebaseAuth */ = {
			isa = XCSwiftPackageProductDependency;
			package = 57B3919E2ABED51F00BD7E82 /* XCRemoteSwiftPackageReference "firebase-ios-sdk" */;
			productName = FirebaseAuth;
		};
		57B391A32ABED51F00BD7E82 /* FirebaseFirestore */ = {
			isa = XCSwiftPackageProductDependency;
			package = 57B3919E2ABED51F00BD7E82 /* XCRemoteSwiftPackageReference "firebase-ios-sdk" */;
			productName = FirebaseFirestore;
		};
		57B391A62ABED54300BD7E82 /* Kingfisher */ = {
			isa = XCSwiftPackageProductDependency;
			package = 57B391A52ABED54300BD7E82 /* XCRemoteSwiftPackageReference "Kingfisher" */;
			productName = Kingfisher;
		};
		57B3920A2AC16D2800BD7E82 /* RealmSwift */ = {
			isa = XCSwiftPackageProductDependency;
			package = 57B392072AC16D2800BD7E82 /* XCRemoteSwiftPackageReference "realm-swift" */;
			productName = RealmSwift;
		};
		F4CC1EB32ACCC1CA00370E6B /* GoogleSignIn */ = {
			isa = XCSwiftPackageProductDependency;
			package = F4CC1EB22ACCC1C900370E6B /* XCRemoteSwiftPackageReference "GoogleSignIn-iOS" */;
			productName = GoogleSignIn;
		};
		F4CC1EB52ACCC1CA00370E6B /* GoogleSignInSwift */ = {
			isa = XCSwiftPackageProductDependency;
			package = F4CC1EB22ACCC1C900370E6B /* XCRemoteSwiftPackageReference "GoogleSignIn-iOS" */;
			productName = GoogleSignInSwift;
		};
/* End XCSwiftPackageProductDependency section */

/* Begin XCVersionGroup section */
		5769D0E02ACADD4D00D93A56 /* DataModel.xcdatamodeld */ = {
			isa = XCVersionGroup;
			children = (
				5769D0E12ACADD4D00D93A56 /* DataModel.xcdatamodel */,
			);
			currentVersion = 5769D0E12ACADD4D00D93A56 /* DataModel.xcdatamodel */;
			path = DataModel.xcdatamodeld;
			sourceTree = "<group>";
			versionGroupType = wrapper.xcdatamodel;
		};
/* End XCVersionGroup section */
	};
	rootObject = 57724E842ABDAB52006C3318 /* Project object */;
}
